// !$*UTF8*$!
{
	archiveVersion = 1;
	classes = {
	};
	objectVersion = 56;
	objects = {

/* Begin PBXBuildFile section */
		D3A3A1822B204915000898F5 /* Recipe_AppApp.swift in Sources */ = {isa = PBXBuildFile; fileRef = D3A3A1812B204915000898F5 /* Recipe_AppApp.swift */; };
		D3A3A1842B204915000898F5 /* ContentView.swift in Sources */ = {isa = PBXBuildFile; fileRef = D3A3A1832B204915000898F5 /* ContentView.swift */; };
		D3A3A1862B204916000898F5 /* Assets.xcassets in Resources */ = {isa = PBXBuildFile; fileRef = D3A3A1852B204916000898F5 /* Assets.xcassets */; };
		D3A3A1892B204916000898F5 /* Preview Assets.xcassets in Resources */ = {isa = PBXBuildFile; fileRef = D3A3A1882B204916000898F5 /* Preview Assets.xcassets */; };
		D3A3A1962B2049E3000898F5 /* HomeView.swift in Sources */ = {isa = PBXBuildFile; fileRef = D3A3A1952B2049E3000898F5 /* HomeView.swift */; };
		D3A3A1982B2049F1000898F5 /* CategoriesView.swift in Sources */ = {isa = PBXBuildFile; fileRef = D3A3A1972B2049F1000898F5 /* CategoriesView.swift */; };
		D3A3A19A2B204A03000898F5 /* NewRecipeView.swift in Sources */ = {isa = PBXBuildFile; fileRef = D3A3A1992B204A03000898F5 /* NewRecipeView.swift */; };
		D3A3A19C2B204A1A000898F5 /* FavouritesView.swift in Sources */ = {isa = PBXBuildFile; fileRef = D3A3A19B2B204A1A000898F5 /* FavouritesView.swift */; };
		D3A3A19E2B204A28000898F5 /* SettingsView.swift in Sources */ = {isa = PBXBuildFile; fileRef = D3A3A19D2B204A28000898F5 /* SettingsView.swift */; };
		D3A3A1A02B204DCE000898F5 /* TabBar.swift in Sources */ = {isa = PBXBuildFile; fileRef = D3A3A19F2B204DCE000898F5 /* TabBar.swift */; };
		D3A3A1A22B204F7E000898F5 /* RecipeModel.swift in Sources */ = {isa = PBXBuildFile; fileRef = D3A3A1A12B204F7E000898F5 /* RecipeModel.swift */; };
		D3A3A1A42B2171CB000898F5 /* RecipeCard.swift in Sources */ = {isa = PBXBuildFile; fileRef = D3A3A1A32B2171CB000898F5 /* RecipeCard.swift */; };
		D3A3A1A62B2174AB000898F5 /* RecipeList.swift in Sources */ = {isa = PBXBuildFile; fileRef = D3A3A1A52B2174AB000898F5 /* RecipeList.swift */; };
		D3A3A1A82B217687000898F5 /* RecipeView.swift in Sources */ = {isa = PBXBuildFile; fileRef = D3A3A1A72B217687000898F5 /* RecipeView.swift */; };
		D3A3A1AC2B21B7B3000898F5 /* AddRecipeView.swift in Sources */ = {isa = PBXBuildFile; fileRef = D3A3A1AB2B21B7B3000898F5 /* AddRecipeView.swift */; };
		D3A3A1AE2B21BDF6000898F5 /* RecipeViewModel.swift in Sources */ = {isa = PBXBuildFile; fileRef = D3A3A1AD2B21BDF6000898F5 /* RecipeViewModel.swift */; };
/* End PBXBuildFile section */

/* Begin PBXFileReference section */
		D3A3A17E2B204915000898F5 /* Recipe App.app */ = {isa = PBXFileReference; explicitFileType = wrapper.application; includeInIndex = 0; path = "Recipe App.app"; sourceTree = BUILT_PRODUCTS_DIR; };
		D3A3A1812B204915000898F5 /* Recipe_AppApp.swift */ = {isa = PBXFileReference; lastKnownFileType = sourcecode.swift; path = Recipe_AppApp.swift; sourceTree = "<group>"; };
		D3A3A1832B204915000898F5 /* ContentView.swift */ = {isa = PBXFileReference; lastKnownFileType = sourcecode.swift; path = ContentView.swift; sourceTree = "<group>"; };
		D3A3A1852B204916000898F5 /* Assets.xcassets */ = {isa = PBXFileReference; lastKnownFileType = folder.assetcatalog; path = Assets.xcassets; sourceTree = "<group>"; };
		D3A3A1882B204916000898F5 /* Preview Assets.xcassets */ = {isa = PBXFileReference; lastKnownFileType = folder.assetcatalog; path = "Preview Assets.xcassets"; sourceTree = "<group>"; };
		D3A3A1952B2049E3000898F5 /* HomeView.swift */ = {isa = PBXFileReference; lastKnownFileType = sourcecode.swift; path = HomeView.swift; sourceTree = "<group>"; };
		D3A3A1972B2049F1000898F5 /* CategoriesView.swift */ = {isa = PBXFileReference; lastKnownFileType = sourcecode.swift; path = CategoriesView.swift; sourceTree = "<group>"; };
		D3A3A1992B204A03000898F5 /* NewRecipeView.swift */ = {isa = PBXFileReference; lastKnownFileType = sourcecode.swift; path = NewRecipeView.swift; sourceTree = "<group>"; };
		D3A3A19B2B204A1A000898F5 /* FavouritesView.swift */ = {isa = PBXFileReference; lastKnownFileType = sourcecode.swift; path = FavouritesView.swift; sourceTree = "<group>"; };
		D3A3A19D2B204A28000898F5 /* SettingsView.swift */ = {isa = PBXFileReference; lastKnownFileType = sourcecode.swift; path = SettingsView.swift; sourceTree = "<group>"; };
		D3A3A19F2B204DCE000898F5 /* TabBar.swift */ = {isa = PBXFileReference; lastKnownFileType = sourcecode.swift; path = TabBar.swift; sourceTree = "<group>"; };
		D3A3A1A12B204F7E000898F5 /* RecipeModel.swift */ = {isa = PBXFileReference; lastKnownFileType = sourcecode.swift; path = RecipeModel.swift; sourceTree = "<group>"; };
		D3A3A1A32B2171CB000898F5 /* RecipeCard.swift */ = {isa = PBXFileReference; lastKnownFileType = sourcecode.swift; path = RecipeCard.swift; sourceTree = "<group>"; };
		D3A3A1A52B2174AB000898F5 /* RecipeList.swift */ = {isa = PBXFileReference; lastKnownFileType = sourcecode.swift; path = RecipeList.swift; sourceTree = "<group>"; };
		D3A3A1A72B217687000898F5 /* RecipeView.swift */ = {isa = PBXFileReference; lastKnownFileType = sourcecode.swift; path = RecipeView.swift; sourceTree = "<group>"; };
		D3A3A1AB2B21B7B3000898F5 /* AddRecipeView.swift */ = {isa = PBXFileReference; lastKnownFileType = sourcecode.swift; path = AddRecipeView.swift; sourceTree = "<group>"; };
		D3A3A1AD2B21BDF6000898F5 /* RecipeViewModel.swift */ = {isa = PBXFileReference; lastKnownFileType = sourcecode.swift; path = RecipeViewModel.swift; sourceTree = "<group>"; };
/* End PBXFileReference section */

/* Begin PBXFrameworksBuildPhase section */
		D3A3A17B2B204915000898F5 /* Frameworks */ = {
			isa = PBXFrameworksBuildPhase;
			buildActionMask = 2147483647;
			files = (
			);
			runOnlyForDeploymentPostprocessing = 0;
		};
/* End PBXFrameworksBuildPhase section */

/* Begin PBXGroup section */
		D3A3A1752B204915000898F5 = {
			isa = PBXGroup;
			children = (
				D3A3A1802B204915000898F5 /* Recipe App */,
				D3A3A17F2B204915000898F5 /* Products */,
			);
			sourceTree = "<group>";
		};
		D3A3A17F2B204915000898F5 /* Products */ = {
			isa = PBXGroup;
			children = (
				D3A3A17E2B204915000898F5 /* Recipe App.app */,
			);
			name = Products;
			sourceTree = "<group>";
		};
		D3A3A1802B204915000898F5 /* Recipe App */ = {
			isa = PBXGroup;
			children = (
				D3A3A1942B2049BF000898F5 /* Models */,
				D3A3A1932B2049B5000898F5 /* ViewModels */,
				D3A3A18F2B204984000898F5 /* Views */,
				D3A3A1812B204915000898F5 /* Recipe_AppApp.swift */,
				D3A3A1852B204916000898F5 /* Assets.xcassets */,
				D3A3A1872B204916000898F5 /* Preview Content */,
			);
			path = "Recipe App";
			sourceTree = "<group>";
		};
		D3A3A1872B204916000898F5 /* Preview Content */ = {
			isa = PBXGroup;
			children = (
				D3A3A1882B204916000898F5 /* Preview Assets.xcassets */,
			);
			path = "Preview Content";
			sourceTree = "<group>";
		};
		D3A3A18F2B204984000898F5 /* Views */ = {
			isa = PBXGroup;
			children = (
				D3A3A1922B2049AA000898F5 /* Components */,
				D3A3A1912B2049A0000898F5 /* Detail */,
				D3A3A1902B204991000898F5 /* Main */,
			);
			path = Views;
			sourceTree = "<group>";
		};
		D3A3A1902B204991000898F5 /* Main */ = {
			isa = PBXGroup;
			children = (
				D3A3A1832B204915000898F5 /* ContentView.swift */,
				D3A3A19F2B204DCE000898F5 /* TabBar.swift */,
				D3A3A1952B2049E3000898F5 /* HomeView.swift */,
				D3A3A1972B2049F1000898F5 /* CategoriesView.swift */,
				D3A3A1992B204A03000898F5 /* NewRecipeView.swift */,
				D3A3A19B2B204A1A000898F5 /* FavouritesView.swift */,
				D3A3A19D2B204A28000898F5 /* SettingsView.swift */,
			);
			path = Main;
			sourceTree = "<group>";
		};
		D3A3A1912B2049A0000898F5 /* Detail */ = {
			isa = PBXGroup;
			children = (
				D3A3A1A72B217687000898F5 /* RecipeView.swift */,
				D3A3A1AB2B21B7B3000898F5 /* AddRecipeView.swift */,
			);
			path = Detail;
			sourceTree = "<group>";
		};
		D3A3A1922B2049AA000898F5 /* Components */ = {
			isa = PBXGroup;
			children = (
				D3A3A1A32B2171CB000898F5 /* RecipeCard.swift */,
				D3A3A1A52B2174AB000898F5 /* RecipeList.swift */,
			);
			path = Components;
			sourceTree = "<group>";
		};
		D3A3A1932B2049B5000898F5 /* ViewModels */ = {
			isa = PBXGroup;
			children = (
				D3A3A1AD2B21BDF6000898F5 /* RecipeViewModel.swift */,
			);
			path = ViewModels;
			sourceTree = "<group>";
		};
		D3A3A1942B2049BF000898F5 /* Models */ = {
			isa = PBXGroup;
			children = (
				D3A3A1A12B204F7E000898F5 /* RecipeModel.swift */,
			);
			path = Models;
			sourceTree = "<group>";
		};
/* End PBXGroup section */

/* Begin PBXNativeTarget section */
		D3A3A17D2B204915000898F5 /* Recipe App */ = {
			isa = PBXNativeTarget;
			buildConfigurationList = D3A3A18C2B204916000898F5 /* Build configuration list for PBXNativeTarget "Recipe App" */;
			buildPhases = (
				D3A3A17A2B204915000898F5 /* Sources */,
				D3A3A17B2B204915000898F5 /* Frameworks */,
				D3A3A17C2B204915000898F5 /* Resources */,
			);
			buildRules = (
			);
			dependencies = (
			);
			name = "Recipe App";
			productName = "Recipe App";
			productReference = D3A3A17E2B204915000898F5 /* Recipe App.app */;
			productType = "com.apple.product-type.application";
		};
/* End PBXNativeTarget section */

/* Begin PBXProject section */
		D3A3A1762B204915000898F5 /* Project object */ = {
			isa = PBXProject;
			attributes = {
				BuildIndependentTargetsInParallel = 1;
				LastSwiftUpdateCheck = 1500;
				LastUpgradeCheck = 1500;
				TargetAttributes = {
					D3A3A17D2B204915000898F5 = {
						CreatedOnToolsVersion = 15.0.1;
					};
				};
			};
			buildConfigurationList = D3A3A1792B204915000898F5 /* Build configuration list for PBXProject "Recipe App" */;
			compatibilityVersion = "Xcode 14.0";
			developmentRegion = en;
			hasScannedForEncodings = 0;
			knownRegions = (
				en,
				Base,
			);
			mainGroup = D3A3A1752B204915000898F5;
			productRefGroup = D3A3A17F2B204915000898F5 /* Products */;
			projectDirPath = "";
			projectRoot = "";
			targets = (
				D3A3A17D2B204915000898F5 /* Recipe App */,
			);
		};
/* End PBXProject section */

/* Begin PBXResourcesBuildPhase section */
		D3A3A17C2B204915000898F5 /* Resources */ = {
			isa = PBXResourcesBuildPhase;
			buildActionMask = 2147483647;
			files = (
				D3A3A1892B204916000898F5 /* Preview Assets.xcassets in Resources */,
				D3A3A1862B204916000898F5 /* Assets.xcassets in Resources */,
			);
			runOnlyForDeploymentPostprocessing = 0;
		};
/* End PBXResourcesBuildPhase section */

/* Begin PBXSourcesBuildPhase section */
		D3A3A17A2B204915000898F5 /* Sources */ = {
			isa = PBXSourcesBuildPhase;
			buildActionMask = 2147483647;
			files = (
				D3A3A19E2B204A28000898F5 /* SettingsView.swift in Sources */,
				D3A3A1A42B2171CB000898F5 /* RecipeCard.swift in Sources */,
				D3A3A1AC2B21B7B3000898F5 /* AddRecipeView.swift in Sources */,
				D3A3A1982B2049F1000898F5 /* CategoriesView.swift in Sources */,
				D3A3A19A2B204A03000898F5 /* NewRecipeView.swift in Sources */,
				D3A3A1A02B204DCE000898F5 /* TabBar.swift in Sources */,
				D3A3A1962B2049E3000898F5 /* HomeView.swift in Sources */,
				D3A3A1A82B217687000898F5 /* RecipeView.swift in Sources */,
				D3A3A1A62B2174AB000898F5 /* RecipeList.swift in Sources */,
				D3A3A1842B204915000898F5 /* ContentView.swift in Sources */,
				D3A3A1AE2B21BDF6000898F5 /* RecipeViewModel.swift in Sources */,
				D3A3A19C2B204A1A000898F5 /* FavouritesView.swift in Sources */,
				D3A3A1822B204915000898F5 /* Recipe_AppApp.swift in Sources */,
				D3A3A1A22B204F7E000898F5 /* RecipeModel.swift in Sources */,
			);
			runOnlyForDeploymentPostprocessing = 0;
		};
/* End PBXSourcesBuildPhase section */

/* Begin XCBuildConfiguration section */
		D3A3A18A2B204916000898F5 /* Debug */ = {
			isa = XCBuildConfiguration;
			buildSettings = {
				ALWAYS_SEARCH_USER_PATHS = NO;
				ASSETCATALOG_COMPILER_GENERATE_SWIFT_ASSET_SYMBOL_EXTENSIONS = YES;
				CLANG_ANALYZER_NONNULL = YES;
				CLANG_ANALYZER_NUMBER_OBJECT_CONVERSION = YES_AGGRESSIVE;
				CLANG_CXX_LANGUAGE_STANDARD = "gnu++20";
				CLANG_ENABLE_MODULES = YES;
				CLANG_ENABLE_OBJC_ARC = YES;
				CLANG_ENABLE_OBJC_WEAK = YES;
				CLANG_WARN_BLOCK_CAPTURE_AUTORELEASING = YES;
				CLANG_WARN_BOOL_CONVERSION = YES;
				CLANG_WARN_COMMA = YES;
				CLANG_WARN_CONSTANT_CONVERSION = YES;
				CLANG_WARN_DEPRECATED_OBJC_IMPLEMENTATIONS = YES;
				CLANG_WARN_DIRECT_OBJC_ISA_USAGE = YES_ERROR;
				CLANG_WARN_DOCUMENTATION_COMMENTS = YES;
				CLANG_WARN_EMPTY_BODY = YES;
				CLANG_WARN_ENUM_CONVERSION = YES;
				CLANG_WARN_INFINITE_RECURSION = YES;
				CLANG_WARN_INT_CONVERSION = YES;
				CLANG_WARN_NON_LITERAL_NULL_CONVERSION = YES;
				CLANG_WARN_OBJC_IMPLICIT_RETAIN_SELF = YES;
				CLANG_WARN_OBJC_LITERAL_CONVERSION = YES;
				CLANG_WARN_OBJC_ROOT_CLASS = YES_ERROR;
				CLANG_WARN_QUOTED_INCLUDE_IN_FRAMEWORK_HEADER = YES;
				CLANG_WARN_RANGE_LOOP_ANALYSIS = YES;
				CLANG_WARN_STRICT_PROTOTYPES = YES;
				CLANG_WARN_SUSPICIOUS_MOVE = YES;
				CLANG_WARN_UNGUARDED_AVAILABILITY = YES_AGGRESSIVE;
				CLANG_WARN_UNREACHABLE_CODE = YES;
				CLANG_WARN__DUPLICATE_METHOD_MATCH = YES;
				COPY_PHASE_STRIP = NO;
				DEBUG_INFORMATION_FORMAT = dwarf;
				ENABLE_STRICT_OBJC_MSGSEND = YES;
				ENABLE_TESTABILITY = YES;
				ENABLE_USER_SCRIPT_SANDBOXING = YES;
				GCC_C_LANGUAGE_STANDARD = gnu17;
				GCC_DYNAMIC_NO_PIC = NO;
				GCC_NO_COMMON_BLOCKS = YES;
				GCC_OPTIMIZATION_LEVEL = 0;
				GCC_PREPROCESSOR_DEFINITIONS = (
					"DEBUG=1",
					"$(inherited)",
				);
				GCC_WARN_64_TO_32_BIT_CONVERSION = YES;
				GCC_WARN_ABOUT_RETURN_TYPE = YES_ERROR;
				GCC_WARN_UNDECLARED_SELECTOR = YES;
				GCC_WARN_UNINITIALIZED_AUTOS = YES_AGGRESSIVE;
				GCC_WARN_UNUSED_FUNCTION = YES;
				GCC_WARN_UNUSED_VARIABLE = YES;
				IPHONEOS_DEPLOYMENT_TARGET = 17.0;
				LOCALIZATION_PREFERS_STRING_CATALOGS = YES;
				MTL_ENABLE_DEBUG_INFO = INCLUDE_SOURCE;
				MTL_FAST_MATH = YES;
				ONLY_ACTIVE_ARCH = YES;
				SDKROOT = iphoneos;
				SWIFT_ACTIVE_COMPILATION_CONDITIONS = "DEBUG $(inherited)";
				SWIFT_OPTIMIZATION_LEVEL = "-Onone";
			};
			name = Debug;
		};
		D3A3A18B2B204916000898F5 /* Release */ = {
			isa = XCBuildConfiguration;
			buildSettings = {
				ALWAYS_SEARCH_USER_PATHS = NO;
				ASSETCATALOG_COMPILER_GENERATE_SWIFT_ASSET_SYMBOL_EXTENSIONS = YES;
				CLANG_ANALYZER_NONNULL = YES;
				CLANG_ANALYZER_NUMBER_OBJECT_CONVERSION = YES_AGGRESSIVE;
				CLANG_CXX_LANGUAGE_STANDARD = "gnu++20";
				CLANG_ENABLE_MODULES = YES;
				CLANG_ENABLE_OBJC_ARC = YES;
				CLANG_ENABLE_OBJC_WEAK = YES;
				CLANG_WARN_BLOCK_CAPTURE_AUTORELEASING = YES;
				CLANG_WARN_BOOL_CONVERSION = YES;
				CLANG_WARN_COMMA = YES;
				CLANG_WARN_CONSTANT_CONVERSION = YES;
				CLANG_WARN_DEPRECATED_OBJC_IMPLEMENTATIONS = YES;
				CLANG_WARN_DIRECT_OBJC_ISA_USAGE = YES_ERROR;
				CLANG_WARN_DOCUMENTATION_COMMENTS = YES;
				CLANG_WARN_EMPTY_BODY = YES;
				CLANG_WARN_ENUM_CONVERSION = YES;
				CLANG_WARN_INFINITE_RECURSION = YES;
				CLANG_WARN_INT_CONVERSION = YES;
				CLANG_WARN_NON_LITERAL_NULL_CONVERSION = YES;
				CLANG_WARN_OBJC_IMPLICIT_RETAIN_SELF = YES;
				CLANG_WARN_OBJC_LITERAL_CONVERSION = YES;
				CLANG_WARN_OBJC_ROOT_CLASS = YES_ERROR;
				CLANG_WARN_QUOTED_INCLUDE_IN_FRAMEWORK_HEADER = YES;
				CLANG_WARN_RANGE_LOOP_ANALYSIS = YES;
				CLANG_WARN_STRICT_PROTOTYPES = YES;
				CLANG_WARN_SUSPICIOUS_MOVE = YES;
				CLANG_WARN_UNGUARDED_AVAILABILITY = YES_AGGRESSIVE;
				CLANG_WARN_UNREACHABLE_CODE = YES;
				CLANG_WARN__DUPLICATE_METHOD_MATCH = YES;
				COPY_PHASE_STRIP = NO;
				DEBUG_INFORMATION_FORMAT = "dwarf-with-dsym";
				ENABLE_NS_ASSERTIONS = NO;
				ENABLE_STRICT_OBJC_MSGSEND = YES;
				ENABLE_USER_SCRIPT_SANDBOXING = YES;
				GCC_C_LANGUAGE_STANDARD = gnu17;
				GCC_NO_COMMON_BLOCKS = YES;
				GCC_WARN_64_TO_32_BIT_CONVERSION = YES;
				GCC_WARN_ABOUT_RETURN_TYPE = YES_ERROR;
				GCC_WARN_UNDECLARED_SELECTOR = YES;
				GCC_WARN_UNINITIALIZED_AUTOS = YES_AGGRESSIVE;
				GCC_WARN_UNUSED_FUNCTION = YES;
				GCC_WARN_UNUSED_VARIABLE = YES;
				IPHONEOS_DEPLOYMENT_TARGET = 17.0;
				LOCALIZATION_PREFERS_STRING_CATALOGS = YES;
				MTL_ENABLE_DEBUG_INFO = NO;
				MTL_FAST_MATH = YES;
				SDKROOT = iphoneos;
				SWIFT_COMPILATION_MODE = wholemodule;
				VALIDATE_PRODUCT = YES;
			};
			name = Release;
		};
		D3A3A18D2B204916000898F5 /* Debug */ = {
			isa = XCBuildConfiguration;
			buildSettings = {
				ASSETCATALOG_COMPILER_APPICON_NAME = AppIcon;
				ASSETCATALOG_COMPILER_GLOBAL_ACCENT_COLOR_NAME = AccentColor;
				CODE_SIGN_STYLE = Automatic;
				CURRENT_PROJECT_VERSION = 1;
				DEVELOPMENT_ASSET_PATHS = "\"Recipe App/Preview Content\"";
				DEVELOPMENT_TEAM = K8FKWBYV9S;
				ENABLE_PREVIEWS = YES;
				GENERATE_INFOPLIST_FILE = YES;
				INFOPLIST_KEY_UIApplicationSceneManifest_Generation = YES;
				INFOPLIST_KEY_UIApplicationSupportsIndirectInputEvents = YES;
				INFOPLIST_KEY_UILaunchScreen_Generation = YES;
				INFOPLIST_KEY_UISupportedInterfaceOrientations_iPad = "UIInterfaceOrientationPortrait UIInterfaceOrientationPortraitUpsideDown UIInterfaceOrientationLandscapeLeft UIInterfaceOrientationLandscapeRight";
				INFOPLIST_KEY_UISupportedInterfaceOrientations_iPhone = "UIInterfaceOrientationPortrait UIInterfaceOrientationLandscapeLeft UIInterfaceOrientationLandscapeRight";
				LD_RUNPATH_SEARCH_PATHS = (
					"$(inherited)",
					"@executable_path/Frameworks",
				);
				MARKETING_VERSION = 1.0;
				PRODUCT_BUNDLE_IDENTIFIER = "frederick.Recipe-App";
				PRODUCT_NAME = "$(TARGET_NAME)";
				SWIFT_EMIT_LOC_STRINGS = YES;
				SWIFT_VERSION = 5.0;
				TARGETED_DEVICE_FAMILY = "1,2";
			};
			name = Debug;
		};
		D3A3A18E2B204916000898F5 /* Release */ = {
			isa = XCBuildConfiguration;
			buildSettings = {
				ASSETCATALOG_COMPILER_APPICON_NAME = AppIcon;
				ASSETCATALOG_COMPILER_GLOBAL_ACCENT_COLOR_NAME = AccentColor;
				CODE_SIGN_STYLE = Automatic;
				CURRENT_PROJECT_VERSION = 1;
				DEVELOPMENT_ASSET_PATHS = "\"Recipe App/Preview Content\"";
				DEVELOPMENT_TEAM = K8FKWBYV9S;
				ENABLE_PREVIEWS = YES;
				GENERATE_INFOPLIST_FILE = YES;
				INFOPLIST_KEY_UIApplicationSceneManifest_Generation = YES;
				INFOPLIST_KEY_UIApplicationSupportsIndirectInputEvents = YES;
				INFOPLIST_KEY_UILaunchScreen_Generation = YES;
				INFOPLIST_KEY_UISupportedInterfaceOrientations_iPad = "UIInterfaceOrientationPortrait UIInterfaceOrientationPortraitUpsideDown UIInterfaceOrientationLandscapeLeft UIInterfaceOrientationLandscapeRight";
				INFOPLIST_KEY_UISupportedInterfaceOrientations_iPhone = "UIInterfaceOrientationPortrait UIInterfaceOrientationLandscapeLeft UIInterfaceOrientationLandscapeRight";
				LD_RUNPATH_SEARCH_PATHS = (
					"$(inherited)",
					"@executable_path/Frameworks",
				);
				MARKETING_VERSION = 1.0;
				PRODUCT_BUNDLE_IDENTIFIER = "frederick.Recipe-App";
				PRODUCT_NAME = "$(TARGET_NAME)";
				SWIFT_EMIT_LOC_STRINGS = YES;
				SWIFT_VERSION = 5.0;
				TARGETED_DEVICE_FAMILY = "1,2";
			};
			name = Release;
		};
/* End XCBuildConfiguration section */

/* Begin XCConfigurationList section */
		D3A3A1792B204915000898F5 /* Build configuration list for PBXProject "Recipe App" */ = {
			isa = XCConfigurationList;
			buildConfigurations = (
				D3A3A18A2B204916000898F5 /* Debug */,
				D3A3A18B2B204916000898F5 /* Release */,
			);
			defaultConfigurationIsVisible = 0;
			defaultConfigurationName = Release;
		};
		D3A3A18C2B204916000898F5 /* Build configuration list for PBXNativeTarget "Recipe App" */ = {
			isa = XCConfigurationList;
			buildConfigurations = (
				D3A3A18D2B204916000898F5 /* Debug */,
				D3A3A18E2B204916000898F5 /* Release */,
			);
			defaultConfigurationIsVisible = 0;
			defaultConfigurationName = Release;
		};
/* End XCConfigurationList section */
	};
	rootObject = D3A3A1762B204915000898F5 /* Project object */;
}
